
Microsoft Visual Studio Solution File, Format Version 12.00
# Visual Studio Version 17
VisualStudioVersion = 17.9.34728.123
MinimumVisualStudioVersion = 10.0.40219.1
Project("{FAE04EC0-301F-11D3-BF4B-00C04F79EFBC}") = "ConnectFourGame", "ConnectFourGame.csproj", "{13BC764C-780B-4E05-9722-2F66A343B756}"
EndProject
Global
	GlobalSection(SolutionConfigurationPlatforms) = preSolution
		Debug|Any CPU = Debug|Any CPU
		Release|Any CPU = Release|Any CPU
	EndGlobalSection
	GlobalSection(ProjectConfigurationPlatforms) = postSolution
		{13BC764C-780B-4E05-9722-2F66A343B756}.Debug|Any CPU.ActiveCfg = Debug|Any CPU
		{13BC764C-780B-4E05-9722-2F66A343B756}.Debug|Any CPU.Build.0 = Debug|Any CPU
		{13BC764C-780B-4E05-9722-2F66A343B756}.Release|Any CPU.ActiveCfg = Release|Any CPU
		{13BC764C-780B-4E05-9722-2F66A343B756}.Release|Any CPU.Build.0 = Release|Any CPU
	EndGlobalSection
	GlobalSection(SolutionProperties) = preSolution
		HideSolutionNode = FALSE
	EndGlobalSection
	GlobalSection(ExtensibilityGlobals) = postSolution
		SolutionGuid = {F5E8BD7D-DD44-442C-B107-3554F07BDD4C}
	EndGlobalSection
EndGlobal
